
Microsoft Visual Studio Solution File, Format Version 12.00
# Visual Studio Version 16
VisualStudioVersion = 16.0.30907.101
MinimumVisualStudioVersion = 10.0.40219.1
Project("{9A19103F-16F7-4668-BE54-9A1E7A4F7556}") = "ConsoleApp1", "ConsoleApp1\ConsoleApp1.csproj", "{63425823-6A7D-45F3-A977-2CB4B755B6DB}"
EndProject
Global
	GlobalSection(SolutionConfigurationPlatforms) = preSolution
		Debug|Any CPU = Debug|Any CPU
		Release|Any CPU = Release|Any CPU
	EndGlobalSection
	GlobalSection(ProjectConfigurationPlatforms) = postSolution
		{63425823-6A7D-45F3-A977-2CB4B755B6DB}.Debug|Any CPU.ActiveCfg = Debug|Any CPU
		{63425823-6A7D-45F3-A977-2CB4B755B6DB}.Debug|Any CPU.Build.0 = Debug|Any CPU
		{63425823-6A7D-45F3-A977-2CB4B755B6DB}.Release|Any CPU.ActiveCfg = Release|Any CPU
		{63425823-6A7D-45F3-A977-2CB4B755B6DB}.Release|Any CPU.Build.0 = Release|Any CPU
	EndGlobalSection
	GlobalSection(SolutionProperties) = preSolution
		HideSolutionNode = FALSE
	EndGlobalSection
	GlobalSection(ExtensibilityGlobals) = postSolution
		SolutionGuid = {D0C0A59F-2127-4A35-8D18-7FB78C11A5FE}
	EndGlobalSection
EndGlobal
